
Microsoft Visual Studio Solution File, Format Version 12.00
# Visual Studio Version 17
VisualStudioVersion = 17.11.35222.181
MinimumVisualStudioVersion = 10.0.40219.1
Project("{FAE04EC0-301F-11D3-BF4B-00C04F79EFBC}") = "WoW", "WoW\WoW.csproj", "{64FB263B-2AFF-4FC9-9479-CADB8DC729CF}"
EndProject
Global
	GlobalSection(SolutionConfigurationPlatforms) = preSolution
		Debug|Any CPU = Debug|Any CPU
		Release|Any CPU = Release|Any CPU
	EndGlobalSection
	GlobalSection(ProjectConfigurationPlatforms) = postSolution
		{64FB263B-2AFF-4FC9-9479-CADB8DC729CF}.Debug|Any CPU.ActiveCfg = Debug|Any CPU
		{64FB263B-2AFF-4FC9-9479-CADB8DC729CF}.Debug|Any CPU.Build.0 = Debug|Any CPU
		{64FB263B-2AFF-4FC9-9479-CADB8DC729CF}.Release|Any CPU.ActiveCfg = Release|Any CPU
		{64FB263B-2AFF-4FC9-9479-CADB8DC729CF}.Release|Any CPU.Build.0 = Release|Any CPU
	EndGlobalSection
	GlobalSection(SolutionProperties) = preSolution
		HideSolutionNode = FALSE
	EndGlobalSection
	GlobalSection(ExtensibilityGlobals) = postSolution
		SolutionGuid = {42D19F56-18AC-498A-B6E6-2EBFD8475D4E}
	EndGlobalSection
EndGlobal
